// !$*UTF8*$!
{
	archiveVersion = 1;
	classes = {
	};
	objectVersion = 50;
	objects = {

/* Begin PBXBuildFile section */
		5338EDD325D331FA0033E415 /* test_firstApp.swift in Sources */ = {isa = PBXBuildFile; fileRef = 5338EDD225D331FA0033E415 /* test_firstApp.swift */; };
		5338EDD525D331FA0033E415 /* ContentView.swift in Sources */ = {isa = PBXBuildFile; fileRef = 5338EDD425D331FA0033E415 /* ContentView.swift */; };
		5338EDD725D331FD0033E415 /* Assets.xcassets in Resources */ = {isa = PBXBuildFile; fileRef = 5338EDD625D331FD0033E415 /* Assets.xcassets */; };
		5338EDDA25D331FD0033E415 /* Preview Assets.xcassets in Resources */ = {isa = PBXBuildFile; fileRef = 5338EDD925D331FD0033E415 /* Preview Assets.xcassets */; };
		5338EDE625D331FD0033E415 /* test_firstTests.swift in Sources */ = {isa = PBXBuildFile; fileRef = 5338EDE525D331FD0033E415 /* test_firstTests.swift */; };
		5338EDF125D331FD0033E415 /* test_firstUITests.swift in Sources */ = {isa = PBXBuildFile; fileRef = 5338EDF025D331FD0033E415 /* test_firstUITests.swift */; };
		533D79E125D7F11200B48048 /* Utilities.swift in Sources */ = {isa = PBXBuildFile; fileRef = 533D79E025D7F11200B48048 /* Utilities.swift */; };
/* End PBXBuildFile section */

/* Begin PBXContainerItemProxy section */
		5338EDE225D331FD0033E415 /* PBXContainerItemProxy */ = {
			isa = PBXContainerItemProxy;
			containerPortal = 5338EDC725D331FA0033E415 /* Project object */;
			proxyType = 1;
			remoteGlobalIDString = 5338EDCE25D331FA0033E415;
			remoteInfo = test.first;
		};
		5338EDED25D331FD0033E415 /* PBXContainerItemProxy */ = {
			isa = PBXContainerItemProxy;
			containerPortal = 5338EDC725D331FA0033E415 /* Project object */;
			proxyType = 1;
			remoteGlobalIDString = 5338EDCE25D331FA0033E415;
			remoteInfo = test.first;
		};
/* End PBXContainerItemProxy section */

/* Begin PBXFileReference section */
		5338EDCF25D331FA0033E415 /* test.first.app */ = {isa = PBXFileReference; explicitFileType = wrapper.application; includeInIndex = 0; path = test.first.app; sourceTree = BUILT_PRODUCTS_DIR; };
		5338EDD225D331FA0033E415 /* test_firstApp.swift */ = {isa = PBXFileReference; lastKnownFileType = sourcecode.swift; path = test_firstApp.swift; sourceTree = "<group>"; };
		5338EDD425D331FA0033E415 /* ContentView.swift */ = {isa = PBXFileReference; lastKnownFileType = sourcecode.swift; path = ContentView.swift; sourceTree = "<group>"; };
		5338EDD625D331FD0033E415 /* Assets.xcassets */ = {isa = PBXFileReference; lastKnownFileType = folder.assetcatalog; path = Assets.xcassets; sourceTree = "<group>"; };
		5338EDD925D331FD0033E415 /* Preview Assets.xcassets */ = {isa = PBXFileReference; lastKnownFileType = folder.assetcatalog; path = "Preview Assets.xcassets"; sourceTree = "<group>"; };
		5338EDDB25D331FD0033E415 /* Info.plist */ = {isa = PBXFileReference; lastKnownFileType = text.plist.xml; path = Info.plist; sourceTree = "<group>"; };
		5338EDDC25D331FD0033E415 /* test_first.entitlements */ = {isa = PBXFileReference; lastKnownFileType = text.plist.entitlements; path = test_first.entitlements; sourceTree = "<group>"; };
		5338EDE125D331FD0033E415 /* test.firstTests.xctest */ = {isa = PBXFileReference; explicitFileType = wrapper.cfbundle; includeInIndex = 0; path = test.firstTests.xctest; sourceTree = BUILT_PRODUCTS_DIR; };
		5338EDE525D331FD0033E415 /* test_firstTests.swift */ = {isa = PBXFileReference; lastKnownFileType = sourcecode.swift; path = test_firstTests.swift; sourceTree = "<group>"; };
		5338EDE725D331FD0033E415 /* Info.plist */ = {isa = PBXFileReference; lastKnownFileType = text.plist.xml; path = Info.plist; sourceTree = "<group>"; };
		5338EDEC25D331FD0033E415 /* test.firstUITests.xctest */ = {isa = PBXFileReference; explicitFileType = wrapper.cfbundle; includeInIndex = 0; path = test.firstUITests.xctest; sourceTree = BUILT_PRODUCTS_DIR; };
		5338EDF025D331FD0033E415 /* test_firstUITests.swift */ = {isa = PBXFileReference; lastKnownFileType = sourcecode.swift; path = test_firstUITests.swift; sourceTree = "<group>"; };
		5338EDF225D331FD0033E415 /* Info.plist */ = {isa = PBXFileReference; lastKnownFileType = text.plist.xml; path = Info.plist; sourceTree = "<group>"; };
		533D79E025D7F11200B48048 /* Utilities.swift */ = {isa = PBXFileReference; lastKnownFileType = sourcecode.swift; path = Utilities.swift; sourceTree = "<group>"; };
/* End PBXFileReference section */

/* Begin PBXFrameworksBuildPhase section */
		5338EDCC25D331FA0033E415 /* Frameworks */ = {
			isa = PBXFrameworksBuildPhase;
			buildActionMask = 2147483647;
			files = (
			);
			runOnlyForDeploymentPostprocessing = 0;
		};
		5338EDDE25D331FD0033E415 /* Frameworks */ = {
			isa = PBXFrameworksBuildPhase;
			buildActionMask = 2147483647;
			files = (
			);
			runOnlyForDeploymentPostprocessing = 0;
		};
		5338EDE925D331FD0033E415 /* Frameworks */ = {
			isa = PBXFrameworksBuildPhase;
			buildActionMask = 2147483647;
			files = (
			);
			runOnlyForDeploymentPostprocessing = 0;
		};
/* End PBXFrameworksBuildPhase section */

/* Begin PBXGroup section */
		5338EDC625D331FA0033E415 = {
			isa = PBXGroup;
			children = (
				5338EDD125D331FA0033E415 /* test.first */,
				5338EDE425D331FD0033E415 /* test.firstTests */,
				5338EDEF25D331FD0033E415 /* test.firstUITests */,
				5338EDD025D331FA0033E415 /* Products */,
			);
			sourceTree = "<group>";
		};
		5338EDD025D331FA0033E415 /* Products */ = {
			isa = PBXGroup;
			children = (
				5338EDCF25D331FA0033E415 /* test.first.app */,
				5338EDE125D331FD0033E415 /* test.firstTests.xctest */,
				5338EDEC25D331FD0033E415 /* test.firstUITests.xctest */,
			);
			name = Products;
			sourceTree = "<group>";
		};
		5338EDD125D331FA0033E415 /* test.first */ = {
			isa = PBXGroup;
			children = (
				5338EDD225D331FA0033E415 /* test_firstApp.swift */,
				5338EDD425D331FA0033E415 /* ContentView.swift */,
				533D79E025D7F11200B48048 /* Utilities.swift */,
				5338EDD625D331FD0033E415 /* Assets.xcassets */,
				5338EDDB25D331FD0033E415 /* Info.plist */,
				5338EDDC25D331FD0033E415 /* test_first.entitlements */,
				5338EDD825D331FD0033E415 /* Preview Content */,
			);
			path = test.first;
			sourceTree = "<group>";
		};
		5338EDD825D331FD0033E415 /* Preview Content */ = {
			isa = PBXGroup;
			children = (
				5338EDD925D331FD0033E415 /* Preview Assets.xcassets */,
			);
			path = "Preview Content";
			sourceTree = "<group>";
		};
		5338EDE425D331FD0033E415 /* test.firstTests */ = {
			isa = PBXGroup;
			children = (
				5338EDE525D331FD0033E415 /* test_firstTests.swift */,
				5338EDE725D331FD0033E415 /* Info.plist */,
			);
			path = test.firstTests;
			sourceTree = "<group>";
		};
		5338EDEF25D331FD0033E415 /* test.firstUITests */ = {
			isa = PBXGroup;
			children = (
				5338EDF025D331FD0033E415 /* test_firstUITests.swift */,
				5338EDF225D331FD0033E415 /* Info.plist */,
			);
			path = test.firstUITests;
			sourceTree = "<group>";
		};
/* End PBXGroup section */

/* Begin PBXNativeTarget section */
		5338EDCE25D331FA0033E415 /* test.first */ = {
			isa = PBXNativeTarget;
			buildConfigurationList = 5338EDF525D331FD0033E415 /* Build configuration list for PBXNativeTarget "test.first" */;
			buildPhases = (
				5338EDCB25D331FA0033E415 /* Sources */,
				5338EDCC25D331FA0033E415 /* Frameworks */,
				5338EDCD25D331FA0033E415 /* Resources */,
			);
			buildRules = (
			);
			dependencies = (
			);
			name = test.first;
			productName = test.first;
			productReference = 5338EDCF25D331FA0033E415 /* test.first.app */;
			productType = "com.apple.product-type.application";
		};
		5338EDE025D331FD0033E415 /* test.firstTests */ = {
			isa = PBXNativeTarget;
			buildConfigurationList = 5338EDF825D331FD0033E415 /* Build configuration list for PBXNativeTarget "test.firstTests" */;
			buildPhases = (
				5338EDDD25D331FD0033E415 /* Sources */,
				5338EDDE25D331FD0033E415 /* Frameworks */,
				5338EDDF25D331FD0033E415 /* Resources */,
			);
			buildRules = (
			);
			dependencies = (
				5338EDE325D331FD0033E415 /* PBXTargetDependency */,
			);
			name = test.firstTests;
			productName = test.firstTests;
			productReference = 5338EDE125D331FD0033E415 /* test.firstTests.xctest */;
			productType = "com.apple.product-type.bundle.unit-test";
		};
		5338EDEB25D331FD0033E415 /* test.firstUITests */ = {
			isa = PBXNativeTarget;
			buildConfigurationList = 5338EDFB25D331FD0033E415 /* Build configuration list for PBXNativeTarget "test.firstUITests" */;
			buildPhases = (
				5338EDE825D331FD0033E415 /* Sources */,
				5338EDE925D331FD0033E415 /* Frameworks */,
				5338EDEA25D331FD0033E415 /* Resources */,
			);
			buildRules = (
			);
			dependencies = (
				5338EDEE25D331FD0033E415 /* PBXTargetDependency */,
			);
			name = test.firstUITests;
			productName = test.firstUITests;
			productReference = 5338EDEC25D331FD0033E415 /* test.firstUITests.xctest */;
			productType = "com.apple.product-type.bundle.ui-testing";
		};
/* End PBXNativeTarget section */

/* Begin PBXProject section */
		5338EDC725D331FA0033E415 /* Project object */ = {
			isa = PBXProject;
			attributes = {
				LastSwiftUpdateCheck = 1240;
				LastUpgradeCheck = 1240;
				ORGANIZATIONNAME = defaulterrr;
				TargetAttributes = {
					5338EDCE25D331FA0033E415 = {
						CreatedOnToolsVersion = 12.4;
					};
					5338EDE025D331FD0033E415 = {
						CreatedOnToolsVersion = 12.4;
						TestTargetID = 5338EDCE25D331FA0033E415;
					};
					5338EDEB25D331FD0033E415 = {
						CreatedOnToolsVersion = 12.4;
						TestTargetID = 5338EDCE25D331FA0033E415;
					};
				};
			};
			buildConfigurationList = 5338EDCA25D331FA0033E415 /* Build configuration list for PBXProject "test.first" */;
			compatibilityVersion = "Xcode 9.3";
			developmentRegion = en;
			hasScannedForEncodings = 0;
			knownRegions = (
				en,
				Base,
			);
			mainGroup = 5338EDC625D331FA0033E415;
			productRefGroup = 5338EDD025D331FA0033E415 /* Products */;
			projectDirPath = "";
			projectRoot = "";
			targets = (
				5338EDCE25D331FA0033E415 /* test.first */,
				5338EDE025D331FD0033E415 /* test.firstTests */,
				5338EDEB25D331FD0033E415 /* test.firstUITests */,
			);
		};
/* End PBXProject section */

/* Begin PBXResourcesBuildPhase section */
		5338EDCD25D331FA0033E415 /* Resources */ = {
			isa = PBXResourcesBuildPhase;
			buildActionMask = 2147483647;
			files = (
				5338EDDA25D331FD0033E415 /* Preview Assets.xcassets in Resources */,
				5338EDD725D331FD0033E415 /* Assets.xcassets in Resources */,
			);
			runOnlyForDeploymentPostprocessing = 0;
		};
		5338EDDF25D331FD0033E415 /* Resources */ = {
			isa = PBXResourcesBuildPhase;
			buildActionMask = 2147483647;
			files = (
			);
			runOnlyForDeploymentPostprocessing = 0;
		};
		5338EDEA25D331FD0033E415 /* Resources */ = {
			isa = PBXResourcesBuildPhase;
			buildActionMask = 2147483647;
			files = (
			);
			runOnlyForDeploymentPostprocessing = 0;
		};
/* End PBXResourcesBuildPhase section */

/* Begin PBXSourcesBuildPhase section */
		5338EDCB25D331FA0033E415 /* Sources */ = {
			isa = PBXSourcesBuildPhase;
			buildActionMask = 2147483647;
			files = (
				5338EDD525D331FA0033E415 /* ContentView.swift in Sources */,
				5338EDD325D331FA0033E415 /* test_firstApp.swift in Sources */,
				533D79E125D7F11200B48048 /* Utilities.swift in Sources */,
			);
			runOnlyForDeploymentPostprocessing = 0;
		};
		5338EDDD25D331FD0033E415 /* Sources */ = {
			isa = PBXSourcesBuildPhase;
			buildActionMask = 2147483647;
			files = (
				5338EDE625D331FD0033E415 /* test_firstTests.swift in Sources */,
			);
			runOnlyForDeploymentPostprocessing = 0;
		};
		5338EDE825D331FD0033E415 /* Sources */ = {
			isa = PBXSourcesBuildPhase;
			buildActionMask = 2147483647;
			files = (
				5338EDF125D331FD0033E415 /* test_firstUITests.swift in Sources */,
			);
			runOnlyForDeploymentPostprocessing = 0;
		};
/* End PBXSourcesBuildPhase section */

/* Begin PBXTargetDependency section */
		5338EDE325D331FD0033E415 /* PBXTargetDependency */ = {
			isa = PBXTargetDependency;
			target = 5338EDCE25D331FA0033E415 /* test.first */;
			targetProxy = 5338EDE225D331FD0033E415 /* PBXContainerItemProxy */;
		};
		5338EDEE25D331FD0033E415 /* PBXTargetDependency */ = {
			isa = PBXTargetDependency;
			target = 5338EDCE25D331FA0033E415 /* test.first */;
			targetProxy = 5338EDED25D331FD0033E415 /* PBXContainerItemProxy */;
		};
/* End PBXTargetDependency section */

/* Begin XCBuildConfiguration section */
		5338EDF325D331FD0033E415 /* Debug */ = {
			isa = XCBuildConfiguration;
			buildSettings = {
				ALWAYS_SEARCH_USER_PATHS = NO;
				CLANG_ANALYZER_NONNULL = YES;
				CLANG_ANALYZER_NUMBER_OBJECT_CONVERSION = YES_AGGRESSIVE;
				CLANG_CXX_LANGUAGE_STANDARD = "gnu++14";
				CLANG_CXX_LIBRARY = "libc++";
				CLANG_ENABLE_MODULES = YES;
				CLANG_ENABLE_OBJC_ARC = YES;
				CLANG_ENABLE_OBJC_WEAK = YES;
				CLANG_WARN_BLOCK_CAPTURE_AUTORELEASING = YES;
				CLANG_WARN_BOOL_CONVERSION = YES;
				CLANG_WARN_COMMA = YES;
				CLANG_WARN_CONSTANT_CONVERSION = YES;
				CLANG_WARN_DEPRECATED_OBJC_IMPLEMENTATIONS = YES;
				CLANG_WARN_DIRECT_OBJC_ISA_USAGE = YES_ERROR;
				CLANG_WARN_DOCUMENTATION_COMMENTS = YES;
				CLANG_WARN_EMPTY_BODY = YES;
				CLANG_WARN_ENUM_CONVERSION = YES;
				CLANG_WARN_INFINITE_RECURSION = YES;
				CLANG_WARN_INT_CONVERSION = YES;
				CLANG_WARN_NON_LITERAL_NULL_CONVERSION = YES;
				CLANG_WARN_OBJC_IMPLICIT_RETAIN_SELF = YES;
				CLANG_WARN_OBJC_LITERAL_CONVERSION = YES;
				CLANG_WARN_OBJC_ROOT_CLASS = YES_ERROR;
				CLANG_WARN_QUOTED_INCLUDE_IN_FRAMEWORK_HEADER = YES;
				CLANG_WARN_RANGE_LOOP_ANALYSIS = YES;
				CLANG_WARN_STRICT_PROTOTYPES = YES;
				CLANG_WARN_SUSPICIOUS_MOVE = YES;
				CLANG_WARN_UNGUARDED_AVAILABILITY = YES_AGGRESSIVE;
				CLANG_WARN_UNREACHABLE_CODE = YES;
				CLANG_WARN__DUPLICATE_METHOD_MATCH = YES;
				COPY_PHASE_STRIP = NO;
				DEBUG_INFORMATION_FORMAT = dwarf;
				ENABLE_STRICT_OBJC_MSGSEND = YES;
				ENABLE_TESTABILITY = YES;
				GCC_C_LANGUAGE_STANDARD = gnu11;
				GCC_DYNAMIC_NO_PIC = NO;
				GCC_NO_COMMON_BLOCKS = YES;
				GCC_OPTIMIZATION_LEVEL = 0;
				GCC_PREPROCESSOR_DEFINITIONS = (
					"DEBUG=1",
					"$(inherited)",
				);
				GCC_WARN_64_TO_32_BIT_CONVERSION = YES;
				GCC_WARN_ABOUT_RETURN_TYPE = YES_ERROR;
				GCC_WARN_UNDECLARED_SELECTOR = YES;
				GCC_WARN_UNINITIALIZED_AUTOS = YES_AGGRESSIVE;
				GCC_WARN_UNUSED_FUNCTION = YES;
				GCC_WARN_UNUSED_VARIABLE = YES;
				MACOSX_DEPLOYMENT_TARGET = 11.0;
				MTL_ENABLE_DEBUG_INFO = INCLUDE_SOURCE;
				MTL_FAST_MATH = YES;
				ONLY_ACTIVE_ARCH = YES;
				SDKROOT = macosx;
				SWIFT_ACTIVE_COMPILATION_CONDITIONS = DEBUG;
				SWIFT_OPTIMIZATION_LEVEL = "-Onone";
			};
			name = Debug;
		};
		5338EDF425D331FD0033E415 /* Release */ = {
			isa = XCBuildConfiguration;
			buildSettings = {
				ALWAYS_SEARCH_USER_PATHS = NO;
				CLANG_ANALYZER_NONNULL = YES;
				CLANG_ANALYZER_NUMBER_OBJECT_CONVERSION = YES_AGGRESSIVE;
				CLANG_CXX_LANGUAGE_STANDARD = "gnu++14";
				CLANG_CXX_LIBRARY = "libc++";
				CLANG_ENABLE_MODULES = YES;
				CLANG_ENABLE_OBJC_ARC = YES;
				CLANG_ENABLE_OBJC_WEAK = YES;
				CLANG_WARN_BLOCK_CAPTURE_AUTORELEASING = YES;
				CLANG_WARN_BOOL_CONVERSION = YES;
				CLANG_WARN_COMMA = YES;
				CLANG_WARN_CONSTANT_CONVERSION = YES;
				CLANG_WARN_DEPRECATED_OBJC_IMPLEMENTATIONS = YES;
				CLANG_WARN_DIRECT_OBJC_ISA_USAGE = YES_ERROR;
				CLANG_WARN_DOCUMENTATION_COMMENTS = YES;
				CLANG_WARN_EMPTY_BODY = YES;
				CLANG_WARN_ENUM_CONVERSION = YES;
				CLANG_WARN_INFINITE_RECURSION = YES;
				CLANG_WARN_INT_CONVERSION = YES;
				CLANG_WARN_NON_LITERAL_NULL_CONVERSION = YES;
				CLANG_WARN_OBJC_IMPLICIT_RETAIN_SELF = YES;
				CLANG_WARN_OBJC_LITERAL_CONVERSION = YES;
				CLANG_WARN_OBJC_ROOT_CLASS = YES_ERROR;
				CLANG_WARN_QUOTED_INCLUDE_IN_FRAMEWORK_HEADER = YES;
				CLANG_WARN_RANGE_LOOP_ANALYSIS = YES;
				CLANG_WARN_STRICT_PROTOTYPES = YES;
				CLANG_WARN_SUSPICIOUS_MOVE = YES;
				CLANG_WARN_UNGUARDED_AVAILABILITY = YES_AGGRESSIVE;
				CLANG_WARN_UNREACHABLE_CODE = YES;
				CLANG_WARN__DUPLICATE_METHOD_MATCH = YES;
				COPY_PHASE_STRIP = NO;
				DEBUG_INFORMATION_FORMAT = "dwarf-with-dsym";
				ENABLE_NS_ASSERTIONS = NO;
				ENABLE_STRICT_OBJC_MSGSEND = YES;
				GCC_C_LANGUAGE_STANDARD = gnu11;
				GCC_NO_COMMON_BLOCKS = YES;
				GCC_WARN_64_TO_32_BIT_CONVERSION = YES;
				GCC_WARN_ABOUT_RETURN_TYPE = YES_ERROR;
				GCC_WARN_UNDECLARED_SELECTOR = YES;
				GCC_WARN_UNINITIALIZED_AUTOS = YES_AGGRESSIVE;
				GCC_WARN_UNUSED_FUNCTION = YES;
				GCC_WARN_UNUSED_VARIABLE = YES;
				MACOSX_DEPLOYMENT_TARGET = 11.0;
				MTL_ENABLE_DEBUG_INFO = NO;
				MTL_FAST_MATH = YES;
				SDKROOT = macosx;
				SWIFT_COMPILATION_MODE = wholemodule;
				SWIFT_OPTIMIZATION_LEVEL = "-O";
			};
			name = Release;
		};
		5338EDF625D331FD0033E415 /* Debug */ = {
			isa = XCBuildConfiguration;
			buildSettings = {
				ASSETCATALOG_COMPILER_APPICON_NAME = AppIcon;
				ASSETCATALOG_COMPILER_GLOBAL_ACCENT_COLOR_NAME = AccentColor;
				CODE_SIGN_ENTITLEMENTS = test.first/test_first.entitlements;
				CODE_SIGN_STYLE = Automatic;
				COMBINE_HIDPI_IMAGES = YES;
				DEVELOPMENT_ASSET_PATHS = "\"test.first/Preview Content\"";
				ENABLE_PREVIEWS = YES;
				INFOPLIST_FILE = test.first/Info.plist;
				LD_RUNPATH_SEARCH_PATHS = (
					"$(inherited)",
					"@executable_path/../Frameworks",
				);
				MACOSX_DEPLOYMENT_TARGET = 11.0;
				PRODUCT_BUNDLE_IDENTIFIER = "defaulterrr.test-first";
				PRODUCT_NAME = "$(TARGET_NAME)";
				SWIFT_VERSION = 5.0;
			};
			name = Debug;
		};
		5338EDF725D331FD0033E415 /* Release */ = {
			isa = XCBuildConfiguration;
			buildSettings = {
				ASSETCATALOG_COMPILER_APPICON_NAME = AppIcon;
				ASSETCATALOG_COMPILER_GLOBAL_ACCENT_COLOR_NAME = AccentColor;
				CODE_SIGN_ENTITLEMENTS = test.first/test_first.entitlements;
				CODE_SIGN_STYLE = Automatic;
				COMBINE_HIDPI_IMAGES = YES;
				DEVELOPMENT_ASSET_PATHS = "\"test.first/Preview Content\"";
				ENABLE_PREVIEWS = YES;
				INFOPLIST_FILE = test.first/Info.plist;
				LD_RUNPATH_SEARCH_PATHS = (
					"$(inherited)",
					"@executable_path/../Frameworks",
				);
				MACOSX_DEPLOYMENT_TARGET = 11.0;
				PRODUCT_BUNDLE_IDENTIFIER = "defaulterrr.test-first";
				PRODUCT_NAME = "$(TARGET_NAME)";
				SWIFT_VERSION = 5.0;
			};
			name = Release;
		};
		5338EDF925D331FD0033E415 /* Debug */ = {
			isa = XCBuildConfiguration;
			buildSettings = {
				ALWAYS_EMBED_SWIFT_STANDARD_LIBRARIES = YES;
				BUNDLE_LOADER = "$(TEST_HOST)";
				CODE_SIGN_STYLE = Automatic;
				COMBINE_HIDPI_IMAGES = YES;
				INFOPLIST_FILE = test.firstTests/Info.plist;
				LD_RUNPATH_SEARCH_PATHS = (
					"$(inherited)",
					"@executable_path/../Frameworks",
					"@loader_path/../Frameworks",
				);
				MACOSX_DEPLOYMENT_TARGET = 11.0;
				PRODUCT_BUNDLE_IDENTIFIER = "defaulterrr.test-firstTests";
				PRODUCT_NAME = "$(TARGET_NAME)";
				SWIFT_VERSION = 5.0;
				TEST_HOST = "$(BUILT_PRODUCTS_DIR)/test.first.app/Contents/MacOS/test.first";
			};
			name = Debug;
		};
		5338EDFA25D331FD0033E415 /* Release */ = {
			isa = XCBuildConfiguration;
			buildSettings = {
				ALWAYS_EMBED_SWIFT_STANDARD_LIBRARIES = YES;
				BUNDLE_LOADER = "$(TEST_HOST)";
				CODE_SIGN_STYLE = Automatic;
				COMBINE_HIDPI_IMAGES = YES;
				INFOPLIST_FILE = test.firstTests/Info.plist;
				LD_RUNPATH_SEARCH_PATHS = (
					"$(inherited)",
					"@executable_path/../Frameworks",
					"@loader_path/../Frameworks",
				);
				MACOSX_DEPLOYMENT_TARGET = 11.0;
				PRODUCT_BUNDLE_IDENTIFIER = "defaulterrr.test-firstTests";
				PRODUCT_NAME = "$(TARGET_NAME)";
				SWIFT_VERSION = 5.0;
				TEST_HOST = "$(BUILT_PRODUCTS_DIR)/test.first.app/Contents/MacOS/test.first";
			};
			name = Release;
		};
		5338EDFC25D331FD0033E415 /* Debug */ = {
			isa = XCBuildConfiguration;
			buildSettings = {
				ALWAYS_EMBED_SWIFT_STANDARD_LIBRARIES = YES;
				CODE_SIGN_STYLE = Automatic;
				COMBINE_HIDPI_IMAGES = YES;
				INFOPLIST_FILE = test.firstUITests/Info.plist;
				LD_RUNPATH_SEARCH_PATHS = (
					"$(inherited)",
					"@executable_path/../Frameworks",
					"@loader_path/../Frameworks",
				);
				PRODUCT_BUNDLE_IDENTIFIER = "defaulterrr.test-firstUITests";
				PRODUCT_NAME = "$(TARGET_NAME)";
				SWIFT_VERSION = 5.0;
				TEST_TARGET_NAME = test.first;
			};
			name = Debug;
		};
		5338EDFD25D331FD0033E415 /* Release */ = {
			isa = XCBuildConfiguration;
			buildSettings = {
				ALWAYS_EMBED_SWIFT_STANDARD_LIBRARIES = YES;
				CODE_SIGN_STYLE = Automatic;
				COMBINE_HIDPI_IMAGES = YES;
				INFOPLIST_FILE = test.firstUITests/Info.plist;
				LD_RUNPATH_SEARCH_PATHS = (
					"$(inherited)",
					"@executable_path/../Frameworks",
					"@loader_path/../Frameworks",
				);
				PRODUCT_BUNDLE_IDENTIFIER = "defaulterrr.test-firstUITests";
				PRODUCT_NAME = "$(TARGET_NAME)";
				SWIFT_VERSION = 5.0;
				TEST_TARGET_NAME = test.first;
			};
			name = Release;
		};
/* End XCBuildConfiguration section */

/* Begin XCConfigurationList section */
		5338EDCA25D331FA0033E415 /* Build configuration list for PBXProject "test.first" */ = {
			isa = XCConfigurationList;
			buildConfigurations = (
				5338EDF325D331FD0033E415 /* Debug */,
				5338EDF425D331FD0033E415 /* Release */,
			);
			defaultConfigurationIsVisible = 0;
			defaultConfigurationName = Release;
		};
		5338EDF525D331FD0033E415 /* Build configuration list for PBXNativeTarget "test.first" */ = {
			isa = XCConfigurationList;
			buildConfigurations = (
				5338EDF625D331FD0033E415 /* Debug */,
				5338EDF725D331FD0033E415 /* Release */,
			);
			defaultConfigurationIsVisible = 0;
			defaultConfigurationName = Release;
		};
		5338EDF825D331FD0033E415 /* Build configuration list for PBXNativeTarget "test.firstTests" */ = {
			isa = XCConfigurationList;
			buildConfigurations = (
				5338EDF925D331FD0033E415 /* Debug */,
				5338EDFA25D331FD0033E415 /* Release */,
			);
			defaultConfigurationIsVisible = 0;
			defaultConfigurationName = Release;
		};
		5338EDFB25D331FD0033E415 /* Build configuration list for PBXNativeTarget "test.firstUITests" */ = {
			isa = XCConfigurationList;
			buildConfigurations = (
				5338EDFC25D331FD0033E415 /* Debug */,
				5338EDFD25D331FD0033E415 /* Release */,
			);
			defaultConfigurationIsVisible = 0;
			defaultConfigurationName = Release;
		};
/* End XCConfigurationList section */
	};
	rootObject = 5338EDC725D331FA0033E415 /* Project object */;
}
